
Microsoft Visual Studio Solution File, Format Version 12.00
# Visual Studio Version 17
VisualStudioVersion = 17.0.31903.59
MinimumVisualStudioVersion = 10.0.40219.1
Project("{2150E333-8FDC-42A3-9474-1A3956D46DE8}") = "src", "src", "{827E0CD3-B72D-47B6-A68D-7590B98EB39B}"
EndProject
Project("{FAE04EC0-301F-11D3-BF4B-00C04F79EFBC}") = "ZeroAlloc.Rest", "src\ZeroAlloc.Rest\ZeroAlloc.Rest.csproj", "{A7A99257-20D3-44D0-AB94-60525FEDC4B0}"
EndProject
Project("{FAE04EC0-301F-11D3-BF4B-00C04F79EFBC}") = "ZeroAlloc.Rest.Generator", "src\ZeroAlloc.Rest.Generator\ZeroAlloc.Rest.Generator.csproj", "{A9C1125D-66D9-432C-B0D9-F9181F3D6531}"
EndProject
Project("{FAE04EC0-301F-11D3-BF4B-00C04F79EFBC}") = "ZeroAlloc.Rest.SystemTextJson", "src\ZeroAlloc.Rest.SystemTextJson\ZeroAlloc.Rest.SystemTextJson.csproj", "{978C47C4-01F3-4DA3-8B7C-FB35BF4E9C5C}"
EndProject
Project("{FAE04EC0-301F-11D3-BF4B-00C04F79EFBC}") = "ZeroAlloc.Rest.MessagePack", "src\ZeroAlloc.Rest.MessagePack\ZeroAlloc.Rest.MessagePack.csproj", "{694D5092-A077-4342-A964-D773514A979D}"
EndProject
Project("{FAE04EC0-301F-11D3-BF4B-00C04F79EFBC}") = "ZeroAlloc.Rest.MemoryPack", "src\ZeroAlloc.Rest.MemoryPack\ZeroAlloc.Rest.MemoryPack.csproj", "{1409249E-4A1D-4E39-8A3C-812B5D29E231}"
EndProject
Project("{FAE04EC0-301F-11D3-BF4B-00C04F79EFBC}") = "ZeroAlloc.Rest.Tools", "src\ZeroAlloc.Rest.Tools\ZeroAlloc.Rest.Tools.csproj", "{961F8EFD-EAC6-4B23-A62E-813573980CD1}"
EndProject
Project("{2150E333-8FDC-42A3-9474-1A3956D46DE8}") = "tests", "tests", "{0AB3BF05-4346-4AA6-1389-037BE0695223}"
EndProject
Project("{FAE04EC0-301F-11D3-BF4B-00C04F79EFBC}") = "ZeroAlloc.Rest.Tests", "tests\ZeroAlloc.Rest.Tests\ZeroAlloc.Rest.Tests.csproj", "{ACB18FA5-0BDC-48E0-88E9-14592742804A}"
EndProject
Project("{FAE04EC0-301F-11D3-BF4B-00C04F79EFBC}") = "ZeroAlloc.Rest.Generator.Tests", "tests\ZeroAlloc.Rest.Generator.Tests\ZeroAlloc.Rest.Generator.Tests.csproj", "{5E3C81B8-770C-43DD-8F4C-615B199152FD}"
EndProject
Project("{FAE04EC0-301F-11D3-BF4B-00C04F79EFBC}") = "ZeroAlloc.Rest.Integration.Tests", "tests\ZeroAlloc.Rest.Integration.Tests\ZeroAlloc.Rest.Integration.Tests.csproj", "{8D05FECE-B5E8-42F8-B107-FD3B00C27F3F}"
EndProject
Global
	GlobalSection(SolutionConfigurationPlatforms) = preSolution
		Debug|Any CPU = Debug|Any CPU
		Debug|x64 = Debug|x64
		Debug|x86 = Debug|x86
		Release|Any CPU = Release|Any CPU
		Release|x64 = Release|x64
		Release|x86 = Release|x86
	EndGlobalSection
	GlobalSection(ProjectConfigurationPlatforms) = postSolution
		{A7A99257-20D3-44D0-AB94-60525FEDC4B0}.Debug|Any CPU.ActiveCfg = Debug|Any CPU
		{A7A99257-20D3-44D0-AB94-60525FEDC4B0}.Debug|Any CPU.Build.0 = Debug|Any CPU
		{A7A99257-20D3-44D0-AB94-60525FEDC4B0}.Debug|x64.ActiveCfg = Debug|Any CPU
		{A7A99257-20D3-44D0-AB94-60525FEDC4B0}.Debug|x64.Build.0 = Debug|Any CPU
		{A7A99257-20D3-44D0-AB94-60525FEDC4B0}.Debug|x86.ActiveCfg = Debug|Any CPU
		{A7A99257-20D3-44D0-AB94-60525FEDC4B0}.Debug|x86.Build.0 = Debug|Any CPU
		{A7A99257-20D3-44D0-AB94-60525FEDC4B0}.Release|Any CPU.ActiveCfg = Release|Any CPU
		{A7A99257-20D3-44D0-AB94-60525FEDC4B0}.Release|Any CPU.Build.0 = Release|Any CPU
		{A7A99257-20D3-44D0-AB94-60525FEDC4B0}.Release|x64.ActiveCfg = Release|Any CPU
		{A7A99257-20D3-44D0-AB94-60525FEDC4B0}.Release|x64.Build.0 = Release|Any CPU
		{A7A99257-20D3-44D0-AB94-60525FEDC4B0}.Release|x86.ActiveCfg = Release|Any CPU
		{A7A99257-20D3-44D0-AB94-60525FEDC4B0}.Release|x86.Build.0 = Release|Any CPU
		{A9C1125D-66D9-432C-B0D9-F9181F3D6531}.Debug|Any CPU.ActiveCfg = Debug|Any CPU
		{A9C1125D-66D9-432C-B0D9-F9181F3D6531}.Debug|Any CPU.Build.0 = Debug|Any CPU
		{A9C1125D-66D9-432C-B0D9-F9181F3D6531}.Debug|x64.ActiveCfg = Debug|Any CPU
		{A9C1125D-66D9-432C-B0D9-F9181F3D6531}.Debug|x64.Build.0 = Debug|Any CPU
		{A9C1125D-66D9-432C-B0D9-F9181F3D6531}.Debug|x86.ActiveCfg = Debug|Any CPU
		{A9C1125D-66D9-432C-B0D9-F9181F3D6531}.Debug|x86.Build.0 = Debug|Any CPU
		{A9C1125D-66D9-432C-B0D9-F9181F3D6531}.Release|Any CPU.ActiveCfg = Release|Any CPU
		{A9C1125D-66D9-432C-B0D9-F9181F3D6531}.Release|Any CPU.Build.0 = Release|Any CPU
		{A9C1125D-66D9-432C-B0D9-F9181F3D6531}.Release|x64.ActiveCfg = Release|Any CPU
		{A9C1125D-66D9-432C-B0D9-F9181F3D6531}.Release|x64.Build.0 = Release|Any CPU
		{A9C1125D-66D9-432C-B0D9-F9181F3D6531}.Release|x86.ActiveCfg = Release|Any CPU
		{A9C1125D-66D9-432C-B0D9-F9181F3D6531}.Release|x86.Build.0 = Release|Any CPU
		{978C47C4-01F3-4DA3-8B7C-FB35BF4E9C5C}.Debug|Any CPU.ActiveCfg = Debug|Any CPU
		{978C47C4-01F3-4DA3-8B7C-FB35BF4E9C5C}.Debug|Any CPU.Build.0 = Debug|Any CPU
		{978C47C4-01F3-4DA3-8B7C-FB35BF4E9C5C}.Debug|x64.ActiveCfg = Debug|Any CPU
		{978C47C4-01F3-4DA3-8B7C-FB35BF4E9C5C}.Debug|x64.Build.0 = Debug|Any CPU
		{978C47C4-01F3-4DA3-8B7C-FB35BF4E9C5C}.Debug|x86.ActiveCfg = Debug|Any CPU
		{978C47C4-01F3-4DA3-8B7C-FB35BF4E9C5C}.Debug|x86.Build.0 = Debug|Any CPU
		{978C47C4-01F3-4DA3-8B7C-FB35BF4E9C5C}.Release|Any CPU.ActiveCfg = Release|Any CPU
		{978C47C4-01F3-4DA3-8B7C-FB35BF4E9C5C}.Release|Any CPU.Build.0 = Release|Any CPU
		{978C47C4-01F3-4DA3-8B7C-FB35BF4E9C5C}.Release|x64.ActiveCfg = Release|Any CPU
		{978C47C4-01F3-4DA3-8B7C-FB35BF4E9C5C}.Release|x64.Build.0 = Release|Any CPU
		{978C47C4-01F3-4DA3-8B7C-FB35BF4E9C5C}.Release|x86.ActiveCfg = Release|Any CPU
		{978C47C4-01F3-4DA3-8B7C-FB35BF4E9C5C}.Release|x86.Build.0 = Release|Any CPU
		{694D5092-A077-4342-A964-D773514A979D}.Debug|Any CPU.ActiveCfg = Debug|Any CPU
		{694D5092-A077-4342-A964-D773514A979D}.Debug|Any CPU.Build.0 = Debug|Any CPU
		{694D5092-A077-4342-A964-D773514A979D}.Debug|x64.ActiveCfg = Debug|Any CPU
		{694D5092-A077-4342-A964-D773514A979D}.Debug|x64.Build.0 = Debug|Any CPU
		{694D5092-A077-4342-A964-D773514A979D}.Debug|x86.ActiveCfg = Debug|Any CPU
		{694D5092-A077-4342-A964-D773514A979D}.Debug|x86.Build.0 = Debug|Any CPU
		{694D5092-A077-4342-A964-D773514A979D}.Release|Any CPU.ActiveCfg = Release|Any CPU
		{694D5092-A077-4342-A964-D773514A979D}.Release|Any CPU.Build.0 = Release|Any CPU
		{694D5092-A077-4342-A964-D773514A979D}.Release|x64.ActiveCfg = Release|Any CPU
		{694D5092-A077-4342-A964-D773514A979D}.Release|x64.Build.0 = Release|Any CPU
		{694D5092-A077-4342-A964-D773514A979D}.Release|x86.ActiveCfg = Release|Any CPU
		{694D5092-A077-4342-A964-D773514A979D}.Release|x86.Build.0 = Release|Any CPU
		{1409249E-4A1D-4E39-8A3C-812B5D29E231}.Debug|Any CPU.ActiveCfg = Debug|Any CPU
		{1409249E-4A1D-4E39-8A3C-812B5D29E231}.Debug|Any CPU.Build.0 = Debug|Any CPU
		{1409249E-4A1D-4E39-8A3C-812B5D29E231}.Debug|x64.ActiveCfg = Debug|Any CPU
		{1409249E-4A1D-4E39-8A3C-812B5D29E231}.Debug|x64.Build.0 = Debug|Any CPU
		{1409249E-4A1D-4E39-8A3C-812B5D29E231}.Debug|x86.ActiveCfg = Debug|Any CPU
		{1409249E-4A1D-4E39-8A3C-812B5D29E231}.Debug|x86.Build.0 = Debug|Any CPU
		{1409249E-4A1D-4E39-8A3C-812B5D29E231}.Release|Any CPU.ActiveCfg = Release|Any CPU
		{1409249E-4A1D-4E39-8A3C-812B5D29E231}.Release|Any CPU.Build.0 = Release|Any CPU
		{1409249E-4A1D-4E39-8A3C-812B5D29E231}.Release|x64.ActiveCfg = Release|Any CPU
		{1409249E-4A1D-4E39-8A3C-812B5D29E231}.Release|x64.Build.0 = Release|Any CPU
		{1409249E-4A1D-4E39-8A3C-812B5D29E231}.Release|x86.ActiveCfg = Release|Any CPU
		{1409249E-4A1D-4E39-8A3C-812B5D29E231}.Release|x86.Build.0 = Release|Any CPU
		{961F8EFD-EAC6-4B23-A62E-813573980CD1}.Debug|Any CPU.ActiveCfg = Debug|Any CPU
		{961F8EFD-EAC6-4B23-A62E-813573980CD1}.Debug|Any CPU.Build.0 = Debug|Any CPU
		{961F8EFD-EAC6-4B23-A62E-813573980CD1}.Debug|x64.ActiveCfg = Debug|Any CPU
		{961F8EFD-EAC6-4B23-A62E-813573980CD1}.Debug|x64.Build.0 = Debug|Any CPU
		{961F8EFD-EAC6-4B23-A62E-813573980CD1}.Debug|x86.ActiveCfg = Debug|Any CPU
		{961F8EFD-EAC6-4B23-A62E-813573980CD1}.Debug|x86.Build.0 = Debug|Any CPU
		{961F8EFD-EAC6-4B23-A62E-813573980CD1}.Release|Any CPU.ActiveCfg = Release|Any CPU
		{961F8EFD-EAC6-4B23-A62E-813573980CD1}.Release|Any CPU.Build.0 = Release|Any CPU
		{961F8EFD-EAC6-4B23-A62E-813573980CD1}.Release|x64.ActiveCfg = Release|Any CPU
		{961F8EFD-EAC6-4B23-A62E-813573980CD1}.Release|x64.Build.0 = Release|Any CPU
		{961F8EFD-EAC6-4B23-A62E-813573980CD1}.Release|x86.ActiveCfg = Release|Any CPU
		{961F8EFD-EAC6-4B23-A62E-813573980CD1}.Release|x86.Build.0 = Release|Any CPU
		{ACB18FA5-0BDC-48E0-88E9-14592742804A}.Debug|Any CPU.ActiveCfg = Debug|Any CPU
		{ACB18FA5-0BDC-48E0-88E9-14592742804A}.Debug|Any CPU.Build.0 = Debug|Any CPU
		{ACB18FA5-0BDC-48E0-88E9-14592742804A}.Debug|x64.ActiveCfg = Debug|Any CPU
		{ACB18FA5-0BDC-48E0-88E9-14592742804A}.Debug|x64.Build.0 = Debug|Any CPU
		{ACB18FA5-0BDC-48E0-88E9-14592742804A}.Debug|x86.ActiveCfg = Debug|Any CPU
		{ACB18FA5-0BDC-48E0-88E9-14592742804A}.Debug|x86.Build.0 = Debug|Any CPU
		{ACB18FA5-0BDC-48E0-88E9-14592742804A}.Release|Any CPU.ActiveCfg = Release|Any CPU
		{ACB18FA5-0BDC-48E0-88E9-14592742804A}.Release|Any CPU.Build.0 = Release|Any CPU
		{ACB18FA5-0BDC-48E0-88E9-14592742804A}.Release|x64.ActiveCfg = Release|Any CPU
		{ACB18FA5-0BDC-48E0-88E9-14592742804A}.Release|x64.Build.0 = Release|Any CPU
		{ACB18FA5-0BDC-48E0-88E9-14592742804A}.Release|x86.ActiveCfg = Release|Any CPU
		{ACB18FA5-0BDC-48E0-88E9-14592742804A}.Release|x86.Build.0 = Release|Any CPU
		{5E3C81B8-770C-43DD-8F4C-615B199152FD}.Debug|Any CPU.ActiveCfg = Debug|Any CPU
		{5E3C81B8-770C-43DD-8F4C-615B199152FD}.Debug|Any CPU.Build.0 = Debug|Any CPU
		{5E3C81B8-770C-43DD-8F4C-615B199152FD}.Debug|x64.ActiveCfg = Debug|Any CPU
		{5E3C81B8-770C-43DD-8F4C-615B199152FD}.Debug|x64.Build.0 = Debug|Any CPU
		{5E3C81B8-770C-43DD-8F4C-615B199152FD}.Debug|x86.ActiveCfg = Debug|Any CPU
		{5E3C81B8-770C-43DD-8F4C-615B199152FD}.Debug|x86.Build.0 = Debug|Any CPU
		{5E3C81B8-770C-43DD-8F4C-615B199152FD}.Release|Any CPU.ActiveCfg = Release|Any CPU
		{5E3C81B8-770C-43DD-8F4C-615B199152FD}.Release|Any CPU.Build.0 = Release|Any CPU
		{5E3C81B8-770C-43DD-8F4C-615B199152FD}.Release|x64.ActiveCfg = Release|Any CPU
		{5E3C81B8-770C-43DD-8F4C-615B199152FD}.Release|x64.Build.0 = Release|Any CPU
		{5E3C81B8-770C-43DD-8F4C-615B199152FD}.Release|x86.ActiveCfg = Release|Any CPU
		{5E3C81B8-770C-43DD-8F4C-615B199152FD}.Release|x86.Build.0 = Release|Any CPU
		{8D05FECE-B5E8-42F8-B107-FD3B00C27F3F}.Debug|Any CPU.ActiveCfg = Debug|Any CPU
		{8D05FECE-B5E8-42F8-B107-FD3B00C27F3F}.Debug|Any CPU.Build.0 = Debug|Any CPU
		{8D05FECE-B5E8-42F8-B107-FD3B00C27F3F}.Debug|x64.ActiveCfg = Debug|Any CPU
		{8D05FECE-B5E8-42F8-B107-FD3B00C27F3F}.Debug|x64.Build.0 = Debug|Any CPU
		{8D05FECE-B5E8-42F8-B107-FD3B00C27F3F}.Debug|x86.ActiveCfg = Debug|Any CPU
		{8D05FECE-B5E8-42F8-B107-FD3B00C27F3F}.Debug|x86.Build.0 = Debug|Any CPU
		{8D05FECE-B5E8-42F8-B107-FD3B00C27F3F}.Release|Any CPU.ActiveCfg = Release|Any CPU
		{8D05FECE-B5E8-42F8-B107-FD3B00C27F3F}.Release|Any CPU.Build.0 = Release|Any CPU
		{8D05FECE-B5E8-42F8-B107-FD3B00C27F3F}.Release|x64.ActiveCfg = Release|Any CPU
		{8D05FECE-B5E8-42F8-B107-FD3B00C27F3F}.Release|x64.Build.0 = Release|Any CPU
		{8D05FECE-B5E8-42F8-B107-FD3B00C27F3F}.Release|x86.ActiveCfg = Release|Any CPU
		{8D05FECE-B5E8-42F8-B107-FD3B00C27F3F}.Release|x86.Build.0 = Release|Any CPU
	EndGlobalSection
	GlobalSection(SolutionProperties) = preSolution
		HideSolutionNode = FALSE
	EndGlobalSection
	GlobalSection(NestedProjects) = preSolution
		{A7A99257-20D3-44D0-AB94-60525FEDC4B0} = {827E0CD3-B72D-47B6-A68D-7590B98EB39B}
		{A9C1125D-66D9-432C-B0D9-F9181F3D6531} = {827E0CD3-B72D-47B6-A68D-7590B98EB39B}
		{978C47C4-01F3-4DA3-8B7C-FB35BF4E9C5C} = {827E0CD3-B72D-47B6-A68D-7590B98EB39B}
		{694D5092-A077-4342-A964-D773514A979D} = {827E0CD3-B72D-47B6-A68D-7590B98EB39B}
		{1409249E-4A1D-4E39-8A3C-812B5D29E231} = {827E0CD3-B72D-47B6-A68D-7590B98EB39B}
		{961F8EFD-EAC6-4B23-A62E-813573980CD1} = {827E0CD3-B72D-47B6-A68D-7590B98EB39B}
		{ACB18FA5-0BDC-48E0-88E9-14592742804A} = {0AB3BF05-4346-4AA6-1389-037BE0695223}
		{5E3C81B8-770C-43DD-8F4C-615B199152FD} = {0AB3BF05-4346-4AA6-1389-037BE0695223}
		{8D05FECE-B5E8-42F8-B107-FD3B00C27F3F} = {0AB3BF05-4346-4AA6-1389-037BE0695223}
	EndGlobalSection
EndGlobal
